Microsoft Visual Studio Solution File, Format Version 12.00
# Visual Studio Version 17
VisualStudioVersion = 17.5.2.0
MinimumVisualStudioVersion = 10.0.40219.1
Project("{FAE04EC0-301F-11D3-BF4B-00C04F79EFBC}") = "AMST5_Task04_ClassPerson", "AMST5_Task04_ClassPerson.csproj", "{4C6907EC-FC5B-8DAF-B3CD-913A92A71CF5}"
EndProject
Global
	GlobalSection(SolutionConfigurationPlatforms) = preSolution
		Debug|Any CPU = Debug|Any CPU
		Release|Any CPU = Release|Any CPU
	EndGlobalSection
	GlobalSection(ProjectConfigurationPlatforms) = postSolution
		{4C6907EC-FC5B-8DAF-B3CD-913A92A71CF5}.Debug|Any CPU.ActiveCfg = Debug|Any CPU
		{4C6907EC-FC5B-8DAF-B3CD-913A92A71CF5}.Debug|Any CPU.Build.0 = Debug|Any CPU
		{4C6907EC-FC5B-8DAF-B3CD-913A92A71CF5}.Release|Any CPU.ActiveCfg = Release|Any CPU
		{4C6907EC-FC5B-8DAF-B3CD-913A92A71CF5}.Release|Any CPU.Build.0 = Release|Any CPU
	EndGlobalSection
	GlobalSection(SolutionProperties) = preSolution
		HideSolutionNode = FALSE
	EndGlobalSection
	GlobalSection(ExtensibilityGlobals) = postSolution
		SolutionGuid = {34544412-77C4-4D5B-AFFE-C50D43158572}
	EndGlobalSection
EndGlobal
